
Microsoft Visual Studio Solution File, Format Version 12.00
# Visual Studio Version 17
VisualStudioVersion = 17.4.33122.133
MinimumVisualStudioVersion = 10.0.40219.1
Project("{FAE04EC0-301F-11D3-BF4B-00C04F79EFBC}") = "GardenShopOnline", "GardenShopOnline.csproj", "{C5988784-4038-4016-91E4-4FD7BB2E3CDA}"
EndProject
Global
	GlobalSection(SolutionConfigurationPlatforms) = preSolution
		Debug|Any CPU = Debug|Any CPU
		Release|Any CPU = Release|Any CPU
	EndGlobalSection
	GlobalSection(ProjectConfigurationPlatforms) = postSolution
		{C5988784-4038-4016-91E4-4FD7BB2E3CDA}.Debug|Any CPU.ActiveCfg = Debug|Any CPU
		{C5988784-4038-4016-91E4-4FD7BB2E3CDA}.Debug|Any CPU.Build.0 = Debug|Any CPU
		{C5988784-4038-4016-91E4-4FD7BB2E3CDA}.Release|Any CPU.ActiveCfg = Release|Any CPU
		{C5988784-4038-4016-91E4-4FD7BB2E3CDA}.Release|Any CPU.Build.0 = Release|Any CPU
	EndGlobalSection
	GlobalSection(SolutionProperties) = preSolution
		HideSolutionNode = FALSE
	EndGlobalSection
	GlobalSection(ExtensibilityGlobals) = postSolution
		SolutionGuid = {F77B68FA-85A2-4F44-8993-0650AF586A92}
	EndGlobalSection
EndGlobal
